# This file is automatically @generated by Poetry 2.1.3 and should not be changed by hand.

[[package]]
name = "lib2"
version = "0.1.0"
description = "Shared utilities for DeckChatbot"
optional = false
python-versions = "^3.11"
groups = ["main"]
files = []
develop = true

[package.source]
type = "directory"
url = "../../../libs/lib2"

[metadata]
lock-version = "2.1"
python-versions = "^3.11"
content-hash = "5d761ee4af0a51ac6d6e50f96942ee30c2db620eafa600627e1b872fce30b03d"
